
Microsoft Visual Studio Solution File, Format Version 12.00
# Visual Studio 2010
Project("{FAE04EC0-301F-11D3-BF4B-00C04F79EFBC}") = "Starsea.Database.Access", "Starsea.Database.Access\Starsea.Database.Access.csproj", "{87801BAF-A748-42B5-B6AE-ACED7815BA35}"
EndProject
Project("{FAE04EC0-301F-11D3-BF4B-00C04F79EFBC}") = "Starsea.Database.Oracle", "Starsea.Database.Oracle\Starsea.Database.Oracle.csproj", "{57ADD9DE-1C38-4F62-8D78-81135B79D24A}"
EndProject
Project("{FAE04EC0-301F-11D3-BF4B-00C04F79EFBC}") = "Starsea.Egov.Tools", "Starsea.Egov.Tools\Starsea.Egov.Tools.csproj", "{40E9B247-4B91-4299-832B-92DB3700357D}"
EndProject
Project("{FAE04EC0-301F-11D3-BF4B-00C04F79EFBC}") = "Starsea.Egov", "Starsea.fjs\Starsea.Egov.csproj", "{B0FB7980-662C-415C-AD26-6FC601CA6418}"
EndProject
Project("{FAE04EC0-301F-11D3-BF4B-00C04F79EFBC}") = "Starsea.sjsjjh", "Starsea.sjsjjh\Starsea.sjsjjh.csproj", "{6C791DD8-96D5-4DD1-8FDB-D71544522D9E}"
EndProject
Project("{FAE04EC0-301F-11D3-BF4B-00C04F79EFBC}") = "Starsea.office.npoi", "Starsea.office.npoi\Starsea.office.npoi.csproj", "{8043685D-7A83-404A-92A9-4F2275CB70F8}"
EndProject
Project("{FAE04EC0-301F-11D3-BF4B-00C04F79EFBC}") = "Starsea.egovfjexport", "Starsea.egovfjexport\Starsea.egovfjexport.csproj", "{7EE92AF8-5014-4A0A-AE47-63078E381BB9}"
EndProject
Project("{FAE04EC0-301F-11D3-BF4B-00C04F79EFBC}") = "Starsea.AdobePdfPrint", "Starsea.AdobePdfPrint\Starsea.AdobePdfPrint.csproj", "{53201EB2-E42D-45F1-9B10-470249BADA9C}"
EndProject
Project("{FAE04EC0-301F-11D3-BF4B-00C04F79EFBC}") = "Starsea.ConvertPDF", "Starsea.ConvertPDF\Starsea.ConvertPDF.csproj", "{AC115358-8D39-4971-A6D6-E28C9C953B6F}"
EndProject
Project("{FAE04EC0-301F-11D3-BF4B-00C04F79EFBC}") = "Starsea.PDF_HB", "Starsea.PDF_HB\Starsea.PDF_HB.csproj", "{F1346A75-BDBD-4366-A9D0-9E7B26B9DE29}"
EndProject
Project("{FAE04EC0-301F-11D3-BF4B-00C04F79EFBC}") = "Starsea.RegularExpressions", "Starsea.RegularExpressions\Starsea.RegularExpressions.csproj", "{B2D886FE-3D4E-4C71-8C8F-609E8E61A310}"
EndProject
Global
	GlobalSection(SolutionConfigurationPlatforms) = preSolution
		Debug|Any CPU = Debug|Any CPU
		Debug|Mixed Platforms = Debug|Mixed Platforms
		Debug|x86 = Debug|x86
		Release|Any CPU = Release|Any CPU
		Release|Mixed Platforms = Release|Mixed Platforms
		Release|x86 = Release|x86
	EndGlobalSection
	GlobalSection(ProjectConfigurationPlatforms) = postSolution
		{87801BAF-A748-42B5-B6AE-ACED7815BA35}.Debug|Any CPU.ActiveCfg = Debug|Any CPU
		{87801BAF-A748-42B5-B6AE-ACED7815BA35}.Debug|Any CPU.Build.0 = Debug|Any CPU
		{87801BAF-A748-42B5-B6AE-ACED7815BA35}.Debug|Mixed Platforms.ActiveCfg = Debug|Any CPU
		{87801BAF-A748-42B5-B6AE-ACED7815BA35}.Debug|Mixed Platforms.Build.0 = Debug|Any CPU
		{87801BAF-A748-42B5-B6AE-ACED7815BA35}.Debug|x86.ActiveCfg = Debug|Any CPU
		{87801BAF-A748-42B5-B6AE-ACED7815BA35}.Release|Any CPU.ActiveCfg = Release|Any CPU
		{87801BAF-A748-42B5-B6AE-ACED7815BA35}.Release|Any CPU.Build.0 = Release|Any CPU
		{87801BAF-A748-42B5-B6AE-ACED7815BA35}.Release|Mixed Platforms.ActiveCfg = Release|Any CPU
		{87801BAF-A748-42B5-B6AE-ACED7815BA35}.Release|Mixed Platforms.Build.0 = Release|Any CPU
		{87801BAF-A748-42B5-B6AE-ACED7815BA35}.Release|x86.ActiveCfg = Release|Any CPU
		{57ADD9DE-1C38-4F62-8D78-81135B79D24A}.Debug|Any CPU.ActiveCfg = Debug|Any CPU
		{57ADD9DE-1C38-4F62-8D78-81135B79D24A}.Debug|Any CPU.Build.0 = Debug|Any CPU
		{57ADD9DE-1C38-4F62-8D78-81135B79D24A}.Debug|Mixed Platforms.ActiveCfg = Debug|Any CPU
		{57ADD9DE-1C38-4F62-8D78-81135B79D24A}.Debug|Mixed Platforms.Build.0 = Debug|Any CPU
		{57ADD9DE-1C38-4F62-8D78-81135B79D24A}.Debug|x86.ActiveCfg = Debug|Any CPU
		{57ADD9DE-1C38-4F62-8D78-81135B79D24A}.Release|Any CPU.ActiveCfg = Release|Any CPU
		{57ADD9DE-1C38-4F62-8D78-81135B79D24A}.Release|Any CPU.Build.0 = Release|Any CPU
		{57ADD9DE-1C38-4F62-8D78-81135B79D24A}.Release|Mixed Platforms.ActiveCfg = Release|Any CPU
		{57ADD9DE-1C38-4F62-8D78-81135B79D24A}.Release|Mixed Platforms.Build.0 = Release|Any CPU
		{57ADD9DE-1C38-4F62-8D78-81135B79D24A}.Release|x86.ActiveCfg = Release|Any CPU
		{40E9B247-4B91-4299-832B-92DB3700357D}.Debug|Any CPU.ActiveCfg = Debug|Any CPU
		{40E9B247-4B91-4299-832B-92DB3700357D}.Debug|Any CPU.Build.0 = Debug|Any CPU
		{40E9B247-4B91-4299-832B-92DB3700357D}.Debug|Mixed Platforms.ActiveCfg = Debug|Any CPU
		{40E9B247-4B91-4299-832B-92DB3700357D}.Debug|Mixed Platforms.Build.0 = Debug|Any CPU
		{40E9B247-4B91-4299-832B-92DB3700357D}.Debug|x86.ActiveCfg = Debug|Any CPU
		{40E9B247-4B91-4299-832B-92DB3700357D}.Release|Any CPU.ActiveCfg = Release|Any CPU
		{40E9B247-4B91-4299-832B-92DB3700357D}.Release|Any CPU.Build.0 = Release|Any CPU
		{40E9B247-4B91-4299-832B-92DB3700357D}.Release|Mixed Platforms.ActiveCfg = Release|Any CPU
		{40E9B247-4B91-4299-832B-92DB3700357D}.Release|Mixed Platforms.Build.0 = Release|Any CPU
		{40E9B247-4B91-4299-832B-92DB3700357D}.Release|x86.ActiveCfg = Release|Any CPU
		{B0FB7980-662C-415C-AD26-6FC601CA6418}.Debug|Any CPU.ActiveCfg = Debug|Any CPU
		{B0FB7980-662C-415C-AD26-6FC601CA6418}.Debug|Any CPU.Build.0 = Debug|Any CPU
		{B0FB7980-662C-415C-AD26-6FC601CA6418}.Debug|Mixed Platforms.ActiveCfg = Debug|Any CPU
		{B0FB7980-662C-415C-AD26-6FC601CA6418}.Debug|Mixed Platforms.Build.0 = Debug|Any CPU
		{B0FB7980-662C-415C-AD26-6FC601CA6418}.Debug|x86.ActiveCfg = Debug|Any CPU
		{B0FB7980-662C-415C-AD26-6FC601CA6418}.Release|Any CPU.ActiveCfg = Release|Any CPU
		{B0FB7980-662C-415C-AD26-6FC601CA6418}.Release|Any CPU.Build.0 = Release|Any CPU
		{B0FB7980-662C-415C-AD26-6FC601CA6418}.Release|Mixed Platforms.ActiveCfg = Release|Any CPU
		{B0FB7980-662C-415C-AD26-6FC601CA6418}.Release|Mixed Platforms.Build.0 = Release|Any CPU
		{B0FB7980-662C-415C-AD26-6FC601CA6418}.Release|x86.ActiveCfg = Release|Any CPU
		{6C791DD8-96D5-4DD1-8FDB-D71544522D9E}.Debug|Any CPU.ActiveCfg = Debug|Any CPU
		{6C791DD8-96D5-4DD1-8FDB-D71544522D9E}.Debug|Any CPU.Build.0 = Debug|Any CPU
		{6C791DD8-96D5-4DD1-8FDB-D71544522D9E}.Debug|Mixed Platforms.ActiveCfg = Debug|Any CPU
		{6C791DD8-96D5-4DD1-8FDB-D71544522D9E}.Debug|Mixed Platforms.Build.0 = Debug|Any CPU
		{6C791DD8-96D5-4DD1-8FDB-D71544522D9E}.Debug|x86.ActiveCfg = Debug|Any CPU
		{6C791DD8-96D5-4DD1-8FDB-D71544522D9E}.Release|Any CPU.ActiveCfg = Release|Any CPU
		{6C791DD8-96D5-4DD1-8FDB-D71544522D9E}.Release|Any CPU.Build.0 = Release|Any CPU
		{6C791DD8-96D5-4DD1-8FDB-D71544522D9E}.Release|Mixed Platforms.ActiveCfg = Release|Any CPU
		{6C791DD8-96D5-4DD1-8FDB-D71544522D9E}.Release|Mixed Platforms.Build.0 = Release|Any CPU
		{6C791DD8-96D5-4DD1-8FDB-D71544522D9E}.Release|x86.ActiveCfg = Release|Any CPU
		{8043685D-7A83-404A-92A9-4F2275CB70F8}.Debug|Any CPU.ActiveCfg = Debug|Any CPU
		{8043685D-7A83-404A-92A9-4F2275CB70F8}.Debug|Any CPU.Build.0 = Debug|Any CPU
		{8043685D-7A83-404A-92A9-4F2275CB70F8}.Debug|Mixed Platforms.ActiveCfg = Debug|Any CPU
		{8043685D-7A83-404A-92A9-4F2275CB70F8}.Debug|Mixed Platforms.Build.0 = Debug|Any CPU
		{8043685D-7A83-404A-92A9-4F2275CB70F8}.Debug|x86.ActiveCfg = Debug|Any CPU
		{8043685D-7A83-404A-92A9-4F2275CB70F8}.Release|Any CPU.ActiveCfg = Release|Any CPU
		{8043685D-7A83-404A-92A9-4F2275CB70F8}.Release|Any CPU.Build.0 = Release|Any CPU
		{8043685D-7A83-404A-92A9-4F2275CB70F8}.Release|Mixed Platforms.ActiveCfg = Release|Any CPU
		{8043685D-7A83-404A-92A9-4F2275CB70F8}.Release|Mixed Platforms.Build.0 = Release|Any CPU
		{8043685D-7A83-404A-92A9-4F2275CB70F8}.Release|x86.ActiveCfg = Release|Any CPU
		{7EE92AF8-5014-4A0A-AE47-63078E381BB9}.Debug|Any CPU.ActiveCfg = Debug|x86
		{7EE92AF8-5014-4A0A-AE47-63078E381BB9}.Debug|Mixed Platforms.ActiveCfg = Debug|x86
		{7EE92AF8-5014-4A0A-AE47-63078E381BB9}.Debug|Mixed Platforms.Build.0 = Debug|x86
		{7EE92AF8-5014-4A0A-AE47-63078E381BB9}.Debug|x86.ActiveCfg = Debug|x86
		{7EE92AF8-5014-4A0A-AE47-63078E381BB9}.Debug|x86.Build.0 = Debug|x86
		{7EE92AF8-5014-4A0A-AE47-63078E381BB9}.Release|Any CPU.ActiveCfg = Release|x86
		{7EE92AF8-5014-4A0A-AE47-63078E381BB9}.Release|Mixed Platforms.ActiveCfg = Release|x86
		{7EE92AF8-5014-4A0A-AE47-63078E381BB9}.Release|Mixed Platforms.Build.0 = Release|x86
		{7EE92AF8-5014-4A0A-AE47-63078E381BB9}.Release|x86.ActiveCfg = Release|x86
		{7EE92AF8-5014-4A0A-AE47-63078E381BB9}.Release|x86.Build.0 = Release|x86
		{53201EB2-E42D-45F1-9B10-470249BADA9C}.Debug|Any CPU.ActiveCfg = Debug|Any CPU
		{53201EB2-E42D-45F1-9B10-470249BADA9C}.Debug|Any CPU.Build.0 = Debug|Any CPU
		{53201EB2-E42D-45F1-9B10-470249BADA9C}.Debug|Mixed Platforms.ActiveCfg = Debug|Any CPU
		{53201EB2-E42D-45F1-9B10-470249BADA9C}.Debug|Mixed Platforms.Build.0 = Debug|Any CPU
		{53201EB2-E42D-45F1-9B10-470249BADA9C}.Debug|x86.ActiveCfg = Debug|Any CPU
		{53201EB2-E42D-45F1-9B10-470249BADA9C}.Release|Any CPU.ActiveCfg = Release|Any CPU
		{53201EB2-E42D-45F1-9B10-470249BADA9C}.Release|Any CPU.Build.0 = Release|Any CPU
		{53201EB2-E42D-45F1-9B10-470249BADA9C}.Release|Mixed Platforms.ActiveCfg = Release|Any CPU
		{53201EB2-E42D-45F1-9B10-470249BADA9C}.Release|Mixed Platforms.Build.0 = Release|Any CPU
		{53201EB2-E42D-45F1-9B10-470249BADA9C}.Release|x86.ActiveCfg = Release|Any CPU
		{AC115358-8D39-4971-A6D6-E28C9C953B6F}.Debug|Any CPU.ActiveCfg = Debug|x86
		{AC115358-8D39-4971-A6D6-E28C9C953B6F}.Debug|Mixed Platforms.ActiveCfg = Debug|x86
		{AC115358-8D39-4971-A6D6-E28C9C953B6F}.Debug|Mixed Platforms.Build.0 = Debug|x86
		{AC115358-8D39-4971-A6D6-E28C9C953B6F}.Debug|x86.ActiveCfg = Debug|x86
		{AC115358-8D39-4971-A6D6-E28C9C953B6F}.Debug|x86.Build.0 = Debug|x86
		{AC115358-8D39-4971-A6D6-E28C9C953B6F}.Release|Any CPU.ActiveCfg = Release|x86
		{AC115358-8D39-4971-A6D6-E28C9C953B6F}.Release|Mixed Platforms.ActiveCfg = Release|x86
		{AC115358-8D39-4971-A6D6-E28C9C953B6F}.Release|Mixed Platforms.Build.0 = Release|x86
		{AC115358-8D39-4971-A6D6-E28C9C953B6F}.Release|x86.ActiveCfg = Release|x86
		{AC115358-8D39-4971-A6D6-E28C9C953B6F}.Release|x86.Build.0 = Release|x86
		{F1346A75-BDBD-4366-A9D0-9E7B26B9DE29}.Debug|Any CPU.ActiveCfg = Debug|x86
		{F1346A75-BDBD-4366-A9D0-9E7B26B9DE29}.Debug|Mixed Platforms.ActiveCfg = Debug|x86
		{F1346A75-BDBD-4366-A9D0-9E7B26B9DE29}.Debug|Mixed Platforms.Build.0 = Debug|x86
		{F1346A75-BDBD-4366-A9D0-9E7B26B9DE29}.Debug|x86.ActiveCfg = Debug|x86
		{F1346A75-BDBD-4366-A9D0-9E7B26B9DE29}.Debug|x86.Build.0 = Debug|x86
		{F1346A75-BDBD-4366-A9D0-9E7B26B9DE29}.Release|Any CPU.ActiveCfg = Release|x86
		{F1346A75-BDBD-4366-A9D0-9E7B26B9DE29}.Release|Mixed Platforms.ActiveCfg = Release|x86
		{F1346A75-BDBD-4366-A9D0-9E7B26B9DE29}.Release|Mixed Platforms.Build.0 = Release|x86
		{F1346A75-BDBD-4366-A9D0-9E7B26B9DE29}.Release|x86.ActiveCfg = Release|x86
		{F1346A75-BDBD-4366-A9D0-9E7B26B9DE29}.Release|x86.Build.0 = Release|x86
		{B2D886FE-3D4E-4C71-8C8F-609E8E61A310}.Debug|Any CPU.ActiveCfg = Debug|x86
		{B2D886FE-3D4E-4C71-8C8F-609E8E61A310}.Debug|Mixed Platforms.ActiveCfg = Debug|x86
		{B2D886FE-3D4E-4C71-8C8F-609E8E61A310}.Debug|Mixed Platforms.Build.0 = Debug|x86
		{B2D886FE-3D4E-4C71-8C8F-609E8E61A310}.Debug|x86.ActiveCfg = Debug|x86
		{B2D886FE-3D4E-4C71-8C8F-609E8E61A310}.Debug|x86.Build.0 = Debug|x86
		{B2D886FE-3D4E-4C71-8C8F-609E8E61A310}.Release|Any CPU.ActiveCfg = Release|x86
		{B2D886FE-3D4E-4C71-8C8F-609E8E61A310}.Release|Mixed Platforms.ActiveCfg = Release|x86
		{B2D886FE-3D4E-4C71-8C8F-609E8E61A310}.Release|Mixed Platforms.Build.0 = Release|x86
		{B2D886FE-3D4E-4C71-8C8F-609E8E61A310}.Release|x86.ActiveCfg = Release|x86
		{B2D886FE-3D4E-4C71-8C8F-609E8E61A310}.Release|x86.Build.0 = Release|x86
	EndGlobalSection
	GlobalSection(SolutionProperties) = preSolution
		HideSolutionNode = FALSE
	EndGlobalSection
EndGlobal
